
Microsoft Visual Studio Solution File, Format Version 12.00
# Visual Studio 14
VisualStudioVersion = 14.0.25420.1
MinimumVisualStudioVersion = 10.0.40219.1
Project("{FAE04EC0-301F-11D3-BF4B-00C04F79EFBC}") = "BlockingQueue", "BlockingQueue\BlockingQueue.csproj", "{36B4691E-11EA-46CB-95B7-BA89A529AD08}"
EndProject
Project("{FAE04EC0-301F-11D3-BF4B-00C04F79EFBC}") = "TestHarnessMessage", "THMessages\TestHarnessMessage.csproj", "{D920FD94-F73B-426A-8669-46CA68F49864}"
EndProject
Project("{FAE04EC0-301F-11D3-BF4B-00C04F79EFBC}") = "Serialization", "Serialization\Serialization.csproj", "{2A02CDC1-8D17-4C99-AD2B-A6A70ADA1F5E}"
EndProject
Project("{FAE04EC0-301F-11D3-BF4B-00C04F79EFBC}") = "Messages", "Messages\Messages.csproj", "{3540C1FF-17BD-4975-872E-BF193E327019}"
EndProject
Project("{FAE04EC0-301F-11D3-BF4B-00C04F79EFBC}") = "Client", "Client\Client.csproj", "{5A9A3E3C-C5A3-428E-AA72-38A84E51326A}"
EndProject
Project("{FAE04EC0-301F-11D3-BF4B-00C04F79EFBC}") = "Server", "Server\Server.csproj", "{610720A0-E78B-4A79-B02A-F300F48B3F50}"
EndProject
Project("{FAE04EC0-301F-11D3-BF4B-00C04F79EFBC}") = "ITests", "ITests\ITests.csproj", "{DDA2BE42-C40E-4BFD-8A43-46607B9C0285}"
EndProject
Project("{FAE04EC0-301F-11D3-BF4B-00C04F79EFBC}") = "Logger", "Logger\Logger.csproj", "{00F275EB-C191-41AE-BECF-7FFD4A870E09}"
EndProject
Project("{FAE04EC0-301F-11D3-BF4B-00C04F79EFBC}") = "TestCode1", "TestCode1\TestCode1.csproj", "{4C92ED88-42D7-4A3F-957A-05FA283CA222}"
EndProject
Project("{FAE04EC0-301F-11D3-BF4B-00C04F79EFBC}") = "TestCode2", "TestCode2\TestCode2.csproj", "{F4A79E83-15D8-466B-85DC-6EA409BE3304}"
EndProject
Project("{FAE04EC0-301F-11D3-BF4B-00C04F79EFBC}") = "TestCode3", "TestCode3\TestCode3.csproj", "{4D6ED3F8-CB8F-43D3-867F-A1701A36B50E}"
EndProject
Project("{FAE04EC0-301F-11D3-BF4B-00C04F79EFBC}") = "TestCode4", "TestCode4\TestCode4.csproj", "{8A95E632-3357-4EAC-A3CA-FC9F1624CA30}"
EndProject
Project("{FAE04EC0-301F-11D3-BF4B-00C04F79EFBC}") = "LoaderTH", "LoaderTH\LoaderTH.csproj", "{764C33E3-4801-46A8-AC3D-F0786510B6A3}"
EndProject
Project("{FAE04EC0-301F-11D3-BF4B-00C04F79EFBC}") = "TestDriver", "TestDriver\TestDriver.csproj", "{A6BCFC9C-D0C1-44E7-8C5D-1A768BB1F732}"
EndProject
Project("{FAE04EC0-301F-11D3-BF4B-00C04F79EFBC}") = "Repository", "Repository\Repository.csproj", "{C5F81E72-B2A9-4751-9FEF-454D4D4F9F6B}"
EndProject
Project("{FAE04EC0-301F-11D3-BF4B-00C04F79EFBC}") = "HRTimer", "HRTimer\HRTimer.csproj", "{8B8763F5-E7A2-45CA-AC15-D151158F683A}"
EndProject
Project("{FAE04EC0-301F-11D3-BF4B-00C04F79EFBC}") = "RemoteTH", "RemoteTH\RemoteTH.csproj", "{E79D2E63-E751-4E8C-A003-B2E929066FF7}"
EndProject
Project("{FAE04EC0-301F-11D3-BF4B-00C04F79EFBC}") = "Communication", "Communication\Communication.csproj", "{3633F6C5-0D3D-48A6-9AED-15840138E2B5}"
EndProject
Project("{FAE04EC0-301F-11D3-BF4B-00C04F79EFBC}") = "UserInterface", "UserInterface\UserInterface.csproj", "{363DDAD5-37AC-45B5-9A31-0F98D450E73E}"
EndProject
Project("{FAE04EC0-301F-11D3-BF4B-00C04F79EFBC}") = "TestDriver3", "TestDriver3\TestDriver3.csproj", "{A039DA6F-4828-4E95-85FC-C38F3C3A3EE8}"
EndProject
Project("{FAE04EC0-301F-11D3-BF4B-00C04F79EFBC}") = "TestDriver2", "TestDriver2\TestDriver2.csproj", "{EE3CF561-04CA-4942-87B1-770F610F6624}"
EndProject
Project("{FAE04EC0-301F-11D3-BF4B-00C04F79EFBC}") = "Client2", "Client2\Client2.csproj", "{E447EAF5-DCF8-4623-B1CC-77C47E3ED327}"
EndProject
Project("{FAE04EC0-301F-11D3-BF4B-00C04F79EFBC}") = "UserInterface_2", "UserInterface_2\UserInterface_2.csproj", "{EA48CEC6-2724-45D0-B010-936FA1DB84B9}"
EndProject
Global
	GlobalSection(SolutionConfigurationPlatforms) = preSolution
		Debug|Any CPU = Debug|Any CPU
		Release|Any CPU = Release|Any CPU
	EndGlobalSection
	GlobalSection(ProjectConfigurationPlatforms) = postSolution
		{36B4691E-11EA-46CB-95B7-BA89A529AD08}.Debug|Any CPU.ActiveCfg = Debug|Any CPU
		{36B4691E-11EA-46CB-95B7-BA89A529AD08}.Debug|Any CPU.Build.0 = Debug|Any CPU
		{36B4691E-11EA-46CB-95B7-BA89A529AD08}.Release|Any CPU.ActiveCfg = Release|Any CPU
		{36B4691E-11EA-46CB-95B7-BA89A529AD08}.Release|Any CPU.Build.0 = Release|Any CPU
		{D920FD94-F73B-426A-8669-46CA68F49864}.Debug|Any CPU.ActiveCfg = Debug|Any CPU
		{D920FD94-F73B-426A-8669-46CA68F49864}.Debug|Any CPU.Build.0 = Debug|Any CPU
		{D920FD94-F73B-426A-8669-46CA68F49864}.Release|Any CPU.ActiveCfg = Release|Any CPU
		{D920FD94-F73B-426A-8669-46CA68F49864}.Release|Any CPU.Build.0 = Release|Any CPU
		{2A02CDC1-8D17-4C99-AD2B-A6A70ADA1F5E}.Debug|Any CPU.ActiveCfg = Debug|Any CPU
		{2A02CDC1-8D17-4C99-AD2B-A6A70ADA1F5E}.Debug|Any CPU.Build.0 = Debug|Any CPU
		{2A02CDC1-8D17-4C99-AD2B-A6A70ADA1F5E}.Release|Any CPU.ActiveCfg = Release|Any CPU
		{2A02CDC1-8D17-4C99-AD2B-A6A70ADA1F5E}.Release|Any CPU.Build.0 = Release|Any CPU
		{3540C1FF-17BD-4975-872E-BF193E327019}.Debug|Any CPU.ActiveCfg = Debug|Any CPU
		{3540C1FF-17BD-4975-872E-BF193E327019}.Debug|Any CPU.Build.0 = Debug|Any CPU
		{3540C1FF-17BD-4975-872E-BF193E327019}.Release|Any CPU.ActiveCfg = Release|Any CPU
		{3540C1FF-17BD-4975-872E-BF193E327019}.Release|Any CPU.Build.0 = Release|Any CPU
		{5A9A3E3C-C5A3-428E-AA72-38A84E51326A}.Debug|Any CPU.ActiveCfg = Debug|Any CPU
		{5A9A3E3C-C5A3-428E-AA72-38A84E51326A}.Debug|Any CPU.Build.0 = Debug|Any CPU
		{5A9A3E3C-C5A3-428E-AA72-38A84E51326A}.Release|Any CPU.ActiveCfg = Release|Any CPU
		{5A9A3E3C-C5A3-428E-AA72-38A84E51326A}.Release|Any CPU.Build.0 = Release|Any CPU
		{610720A0-E78B-4A79-B02A-F300F48B3F50}.Debug|Any CPU.ActiveCfg = Debug|Any CPU
		{610720A0-E78B-4A79-B02A-F300F48B3F50}.Debug|Any CPU.Build.0 = Debug|Any CPU
		{610720A0-E78B-4A79-B02A-F300F48B3F50}.Release|Any CPU.ActiveCfg = Release|Any CPU
		{610720A0-E78B-4A79-B02A-F300F48B3F50}.Release|Any CPU.Build.0 = Release|Any CPU
		{DDA2BE42-C40E-4BFD-8A43-46607B9C0285}.Debug|Any CPU.ActiveCfg = Debug|Any CPU
		{DDA2BE42-C40E-4BFD-8A43-46607B9C0285}.Debug|Any CPU.Build.0 = Debug|Any CPU
		{DDA2BE42-C40E-4BFD-8A43-46607B9C0285}.Release|Any CPU.ActiveCfg = Release|Any CPU
		{DDA2BE42-C40E-4BFD-8A43-46607B9C0285}.Release|Any CPU.Build.0 = Release|Any CPU
		{00F275EB-C191-41AE-BECF-7FFD4A870E09}.Debug|Any CPU.ActiveCfg = Debug|Any CPU
		{00F275EB-C191-41AE-BECF-7FFD4A870E09}.Debug|Any CPU.Build.0 = Debug|Any CPU
		{00F275EB-C191-41AE-BECF-7FFD4A870E09}.Release|Any CPU.ActiveCfg = Release|Any CPU
		{00F275EB-C191-41AE-BECF-7FFD4A870E09}.Release|Any CPU.Build.0 = Release|Any CPU
		{4C92ED88-42D7-4A3F-957A-05FA283CA222}.Debug|Any CPU.ActiveCfg = Debug|Any CPU
		{4C92ED88-42D7-4A3F-957A-05FA283CA222}.Debug|Any CPU.Build.0 = Debug|Any CPU
		{4C92ED88-42D7-4A3F-957A-05FA283CA222}.Release|Any CPU.ActiveCfg = Release|Any CPU
		{4C92ED88-42D7-4A3F-957A-05FA283CA222}.Release|Any CPU.Build.0 = Release|Any CPU
		{F4A79E83-15D8-466B-85DC-6EA409BE3304}.Debug|Any CPU.ActiveCfg = Debug|Any CPU
		{F4A79E83-15D8-466B-85DC-6EA409BE3304}.Debug|Any CPU.Build.0 = Debug|Any CPU
		{F4A79E83-15D8-466B-85DC-6EA409BE3304}.Release|Any CPU.ActiveCfg = Release|Any CPU
		{F4A79E83-15D8-466B-85DC-6EA409BE3304}.Release|Any CPU.Build.0 = Release|Any CPU
		{4D6ED3F8-CB8F-43D3-867F-A1701A36B50E}.Debug|Any CPU.ActiveCfg = Debug|Any CPU
		{4D6ED3F8-CB8F-43D3-867F-A1701A36B50E}.Debug|Any CPU.Build.0 = Debug|Any CPU
		{4D6ED3F8-CB8F-43D3-867F-A1701A36B50E}.Release|Any CPU.ActiveCfg = Release|Any CPU
		{4D6ED3F8-CB8F-43D3-867F-A1701A36B50E}.Release|Any CPU.Build.0 = Release|Any CPU
		{8A95E632-3357-4EAC-A3CA-FC9F1624CA30}.Debug|Any CPU.ActiveCfg = Debug|Any CPU
		{8A95E632-3357-4EAC-A3CA-FC9F1624CA30}.Debug|Any CPU.Build.0 = Debug|Any CPU
		{8A95E632-3357-4EAC-A3CA-FC9F1624CA30}.Release|Any CPU.ActiveCfg = Release|Any CPU
		{8A95E632-3357-4EAC-A3CA-FC9F1624CA30}.Release|Any CPU.Build.0 = Release|Any CPU
		{764C33E3-4801-46A8-AC3D-F0786510B6A3}.Debug|Any CPU.ActiveCfg = Debug|Any CPU
		{764C33E3-4801-46A8-AC3D-F0786510B6A3}.Debug|Any CPU.Build.0 = Debug|Any CPU
		{764C33E3-4801-46A8-AC3D-F0786510B6A3}.Release|Any CPU.ActiveCfg = Release|Any CPU
		{764C33E3-4801-46A8-AC3D-F0786510B6A3}.Release|Any CPU.Build.0 = Release|Any CPU
		{A6BCFC9C-D0C1-44E7-8C5D-1A768BB1F732}.Debug|Any CPU.ActiveCfg = Debug|Any CPU
		{A6BCFC9C-D0C1-44E7-8C5D-1A768BB1F732}.Debug|Any CPU.Build.0 = Debug|Any CPU
		{A6BCFC9C-D0C1-44E7-8C5D-1A768BB1F732}.Release|Any CPU.ActiveCfg = Release|Any CPU
		{A6BCFC9C-D0C1-44E7-8C5D-1A768BB1F732}.Release|Any CPU.Build.0 = Release|Any CPU
		{C5F81E72-B2A9-4751-9FEF-454D4D4F9F6B}.Debug|Any CPU.ActiveCfg = Debug|Any CPU
		{C5F81E72-B2A9-4751-9FEF-454D4D4F9F6B}.Debug|Any CPU.Build.0 = Debug|Any CPU
		{C5F81E72-B2A9-4751-9FEF-454D4D4F9F6B}.Release|Any CPU.ActiveCfg = Release|Any CPU
		{C5F81E72-B2A9-4751-9FEF-454D4D4F9F6B}.Release|Any CPU.Build.0 = Release|Any CPU
		{8B8763F5-E7A2-45CA-AC15-D151158F683A}.Debug|Any CPU.ActiveCfg = Debug|Any CPU
		{8B8763F5-E7A2-45CA-AC15-D151158F683A}.Debug|Any CPU.Build.0 = Debug|Any CPU
		{8B8763F5-E7A2-45CA-AC15-D151158F683A}.Release|Any CPU.ActiveCfg = Release|Any CPU
		{8B8763F5-E7A2-45CA-AC15-D151158F683A}.Release|Any CPU.Build.0 = Release|Any CPU
		{E79D2E63-E751-4E8C-A003-B2E929066FF7}.Debug|Any CPU.ActiveCfg = Debug|Any CPU
		{E79D2E63-E751-4E8C-A003-B2E929066FF7}.Debug|Any CPU.Build.0 = Debug|Any CPU
		{E79D2E63-E751-4E8C-A003-B2E929066FF7}.Release|Any CPU.ActiveCfg = Release|Any CPU
		{E79D2E63-E751-4E8C-A003-B2E929066FF7}.Release|Any CPU.Build.0 = Release|Any CPU
		{3633F6C5-0D3D-48A6-9AED-15840138E2B5}.Debug|Any CPU.ActiveCfg = Debug|Any CPU
		{3633F6C5-0D3D-48A6-9AED-15840138E2B5}.Debug|Any CPU.Build.0 = Debug|Any CPU
		{3633F6C5-0D3D-48A6-9AED-15840138E2B5}.Release|Any CPU.ActiveCfg = Release|Any CPU
		{3633F6C5-0D3D-48A6-9AED-15840138E2B5}.Release|Any CPU.Build.0 = Release|Any CPU
		{363DDAD5-37AC-45B5-9A31-0F98D450E73E}.Debug|Any CPU.ActiveCfg = Debug|Any CPU
		{363DDAD5-37AC-45B5-9A31-0F98D450E73E}.Debug|Any CPU.Build.0 = Debug|Any CPU
		{363DDAD5-37AC-45B5-9A31-0F98D450E73E}.Release|Any CPU.ActiveCfg = Release|Any CPU
		{363DDAD5-37AC-45B5-9A31-0F98D450E73E}.Release|Any CPU.Build.0 = Release|Any CPU
		{A039DA6F-4828-4E95-85FC-C38F3C3A3EE8}.Debug|Any CPU.ActiveCfg = Debug|Any CPU
		{A039DA6F-4828-4E95-85FC-C38F3C3A3EE8}.Debug|Any CPU.Build.0 = Debug|Any CPU
		{A039DA6F-4828-4E95-85FC-C38F3C3A3EE8}.Release|Any CPU.ActiveCfg = Release|Any CPU
		{A039DA6F-4828-4E95-85FC-C38F3C3A3EE8}.Release|Any CPU.Build.0 = Release|Any CPU
		{EE3CF561-04CA-4942-87B1-770F610F6624}.Debug|Any CPU.ActiveCfg = Debug|Any CPU
		{EE3CF561-04CA-4942-87B1-770F610F6624}.Debug|Any CPU.Build.0 = Debug|Any CPU
		{EE3CF561-04CA-4942-87B1-770F610F6624}.Release|Any CPU.ActiveCfg = Release|Any CPU
		{EE3CF561-04CA-4942-87B1-770F610F6624}.Release|Any CPU.Build.0 = Release|Any CPU
		{E447EAF5-DCF8-4623-B1CC-77C47E3ED327}.Debug|Any CPU.ActiveCfg = Debug|Any CPU
		{E447EAF5-DCF8-4623-B1CC-77C47E3ED327}.Debug|Any CPU.Build.0 = Debug|Any CPU
		{E447EAF5-DCF8-4623-B1CC-77C47E3ED327}.Release|Any CPU.ActiveCfg = Release|Any CPU
		{E447EAF5-DCF8-4623-B1CC-77C47E3ED327}.Release|Any CPU.Build.0 = Release|Any CPU
		{EA48CEC6-2724-45D0-B010-936FA1DB84B9}.Debug|Any CPU.ActiveCfg = Debug|Any CPU
		{EA48CEC6-2724-45D0-B010-936FA1DB84B9}.Debug|Any CPU.Build.0 = Debug|Any CPU
		{EA48CEC6-2724-45D0-B010-936FA1DB84B9}.Release|Any CPU.ActiveCfg = Release|Any CPU
		{EA48CEC6-2724-45D0-B010-936FA1DB84B9}.Release|Any CPU.Build.0 = Release|Any CPU
	EndGlobalSection
	GlobalSection(SolutionProperties) = preSolution
		HideSolutionNode = FALSE
	EndGlobalSection
EndGlobal
